// !$*UTF8*$!
{
	archiveVersion = 1;
	classes = {
	};
	objectVersion = 46;
	objects = {

/* Begin PBXBuildFile section */
		A62954721E8F19AF009F914F /* TimerController.swift in Sources */ = {isa = PBXBuildFile; fileRef = A62954711E8F19AF009F914F /* TimerController.swift */; };
		A62954741E90640C009F914F /* DrawController.swift in Sources */ = {isa = PBXBuildFile; fileRef = A62954731E90640C009F914F /* DrawController.swift */; };
		A6973A321E4C1A9400BEDE89 /* AppDelegate.swift in Sources */ = {isa = PBXBuildFile; fileRef = A6973A311E4C1A9400BEDE89 /* AppDelegate.swift */; };
		A6973A341E4C1A9400BEDE89 /* ActivityController.swift in Sources */ = {isa = PBXBuildFile; fileRef = A6973A331E4C1A9400BEDE89 /* ActivityController.swift */; };
		A6973A371E4C1A9400BEDE89 /* Main.storyboard in Resources */ = {isa = PBXBuildFile; fileRef = A6973A351E4C1A9400BEDE89 /* Main.storyboard */; };
		A6973A391E4C1A9400BEDE89 /* Assets.xcassets in Resources */ = {isa = PBXBuildFile; fileRef = A6973A381E4C1A9400BEDE89 /* Assets.xcassets */; };
		A6973A3C1E4C1A9400BEDE89 /* LaunchScreen.storyboard in Resources */ = {isa = PBXBuildFile; fileRef = A6973A3A1E4C1A9400BEDE89 /* LaunchScreen.storyboard */; };
		A6973A471E4C1A9400BEDE89 /* LookTests.swift in Sources */ = {isa = PBXBuildFile; fileRef = A6973A461E4C1A9400BEDE89 /* LookTests.swift */; };
		A6A91C5C1EB0493A00DF7A11 /* DrawView.swift in Sources */ = {isa = PBXBuildFile; fileRef = A6A91C5B1EB0493A00DF7A11 /* DrawView.swift */; };
		A6EDCEFB1EB16B9E00674680 /* ViewController.swift in Sources */ = {isa = PBXBuildFile; fileRef = A6EDCEFA1EB16B9E00674680 /* ViewController.swift */; };
		A6EDCF291EB1761D00674680 /* PieceNameController.swift in Sources */ = {isa = PBXBuildFile; fileRef = A6EDCF281EB1761D00674680 /* PieceNameController.swift */; };
/* End PBXBuildFile section */

/* Begin PBXContainerItemProxy section */
		A6973A431E4C1A9400BEDE89 /* PBXContainerItemProxy */ = {
			isa = PBXContainerItemProxy;
			containerPortal = A6973A261E4C1A9400BEDE89 /* Project object */;
			proxyType = 1;
			remoteGlobalIDString = A6973A2D1E4C1A9400BEDE89;
			remoteInfo = Look;
		};
/* End PBXContainerItemProxy section */

/* Begin PBXFileReference section */
		A62954711E8F19AF009F914F /* TimerController.swift */ = {isa = PBXFileReference; fileEncoding = 4; lastKnownFileType = sourcecode.swift; path = TimerController.swift; sourceTree = "<group>"; };
		A62954731E90640C009F914F /* DrawController.swift */ = {isa = PBXFileReference; fileEncoding = 4; lastKnownFileType = sourcecode.swift; path = DrawController.swift; sourceTree = "<group>"; };
		A6973A2E1E4C1A9400BEDE89 /* Look.app */ = {isa = PBXFileReference; explicitFileType = wrapper.application; includeInIndex = 0; path = Look.app; sourceTree = BUILT_PRODUCTS_DIR; };
		A6973A311E4C1A9400BEDE89 /* AppDelegate.swift */ = {isa = PBXFileReference; lastKnownFileType = sourcecode.swift; path = AppDelegate.swift; sourceTree = "<group>"; };
		A6973A331E4C1A9400BEDE89 /* ActivityController.swift */ = {isa = PBXFileReference; lastKnownFileType = sourcecode.swift; path = ActivityController.swift; sourceTree = "<group>"; };
		A6973A361E4C1A9400BEDE89 /* Base */ = {isa = PBXFileReference; lastKnownFileType = file.storyboard; name = Base; path = Base.lproj/Main.storyboard; sourceTree = "<group>"; };
		A6973A381E4C1A9400BEDE89 /* Assets.xcassets */ = {isa = PBXFileReference; lastKnownFileType = folder.assetcatalog; path = Assets.xcassets; sourceTree = "<group>"; };
		A6973A3B1E4C1A9400BEDE89 /* Base */ = {isa = PBXFileReference; lastKnownFileType = file.storyboard; name = Base; path = Base.lproj/LaunchScreen.storyboard; sourceTree = "<group>"; };
		A6973A3D1E4C1A9400BEDE89 /* Info.plist */ = {isa = PBXFileReference; lastKnownFileType = text.plist.xml; path = Info.plist; sourceTree = "<group>"; };
		A6973A421E4C1A9400BEDE89 /* LookTests.xctest */ = {isa = PBXFileReference; explicitFileType = wrapper.cfbundle; includeInIndex = 0; path = LookTests.xctest; sourceTree = BUILT_PRODUCTS_DIR; };
		A6973A461E4C1A9400BEDE89 /* LookTests.swift */ = {isa = PBXFileReference; lastKnownFileType = sourcecode.swift; path = LookTests.swift; sourceTree = "<group>"; };
		A6973A481E4C1A9400BEDE89 /* Info.plist */ = {isa = PBXFileReference; lastKnownFileType = text.plist.xml; path = Info.plist; sourceTree = "<group>"; };
		A6A91C5B1EB0493A00DF7A11 /* DrawView.swift */ = {isa = PBXFileReference; fileEncoding = 4; lastKnownFileType = sourcecode.swift; path = DrawView.swift; sourceTree = "<group>"; };
		A6EDCEFA1EB16B9E00674680 /* ViewController.swift */ = {isa = PBXFileReference; fileEncoding = 4; lastKnownFileType = sourcecode.swift; path = ViewController.swift; sourceTree = "<group>"; };
		A6EDCF281EB1761D00674680 /* PieceNameController.swift */ = {isa = PBXFileReference; fileEncoding = 4; lastKnownFileType = sourcecode.swift; path = PieceNameController.swift; sourceTree = "<group>"; };
/* End PBXFileReference section */

/* Begin PBXFrameworksBuildPhase section */
		A6973A2B1E4C1A9400BEDE89 /* Frameworks */ = {
			isa = PBXFrameworksBuildPhase;
			buildActionMask = 2147483647;
			files = (
			);
			runOnlyForDeploymentPostprocessing = 0;
		};
		A6973A3F1E4C1A9400BEDE89 /* Frameworks */ = {
			isa = PBXFrameworksBuildPhase;
			buildActionMask = 2147483647;
			files = (
			);
			runOnlyForDeploymentPostprocessing = 0;
		};
/* End PBXFrameworksBuildPhase section */

/* Begin PBXGroup section */
		A6973A251E4C1A9400BEDE89 = {
			isa = PBXGroup;
			children = (
				A6973A301E4C1A9400BEDE89 /* Look */,
				A6973A451E4C1A9400BEDE89 /* LookTests */,
				A6973A2F1E4C1A9400BEDE89 /* Products */,
			);
			sourceTree = "<group>";
		};
		A6973A2F1E4C1A9400BEDE89 /* Products */ = {
			isa = PBXGroup;
			children = (
				A6973A2E1E4C1A9400BEDE89 /* Look.app */,
				A6973A421E4C1A9400BEDE89 /* LookTests.xctest */,
			);
			name = Products;
			sourceTree = "<group>";
		};
		A6973A301E4C1A9400BEDE89 /* Look */ = {
			isa = PBXGroup;
			children = (
				A6973A311E4C1A9400BEDE89 /* AppDelegate.swift */,
				A6973A331E4C1A9400BEDE89 /* ActivityController.swift */,
				A6973A351E4C1A9400BEDE89 /* Main.storyboard */,
				A6EDCEFA1EB16B9E00674680 /* ViewController.swift */,
				A6973A381E4C1A9400BEDE89 /* Assets.xcassets */,
				A6973A3A1E4C1A9400BEDE89 /* LaunchScreen.storyboard */,
				A6EDCF281EB1761D00674680 /* PieceNameController.swift */,
				A6973A3D1E4C1A9400BEDE89 /* Info.plist */,
				A62954711E8F19AF009F914F /* TimerController.swift */,
				A62954731E90640C009F914F /* DrawController.swift */,
				A6A91C5B1EB0493A00DF7A11 /* DrawView.swift */,
			);
			path = Look;
			sourceTree = "<group>";
		};
		A6973A451E4C1A9400BEDE89 /* LookTests */ = {
			isa = PBXGroup;
			children = (
				A6973A461E4C1A9400BEDE89 /* LookTests.swift */,
				A6973A481E4C1A9400BEDE89 /* Info.plist */,
			);
			path = LookTests;
			sourceTree = "<group>";
		};
/* End PBXGroup section */

/* Begin PBXNativeTarget section */
		A6973A2D1E4C1A9400BEDE89 /* Look */ = {
			isa = PBXNativeTarget;
			buildConfigurationList = A6973A4B1E4C1A9400BEDE89 /* Build configuration list for PBXNativeTarget "Look" */;
			buildPhases = (
				A6973A2A1E4C1A9400BEDE89 /* Sources */,
				A6973A2B1E4C1A9400BEDE89 /* Frameworks */,
				A6973A2C1E4C1A9400BEDE89 /* Resources */,
			);
			buildRules = (
			);
			dependencies = (
			);
			name = Look;
			productName = Look;
			productReference = A6973A2E1E4C1A9400BEDE89 /* Look.app */;
			productType = "com.apple.product-type.application";
		};
		A6973A411E4C1A9400BEDE89 /* LookTests */ = {
			isa = PBXNativeTarget;
			buildConfigurationList = A6973A4E1E4C1A9400BEDE89 /* Build configuration list for PBXNativeTarget "LookTests" */;
			buildPhases = (
				A6973A3E1E4C1A9400BEDE89 /* Sources */,
				A6973A3F1E4C1A9400BEDE89 /* Frameworks */,
				A6973A401E4C1A9400BEDE89 /* Resources */,
			);
			buildRules = (
			);
			dependencies = (
				A6973A441E4C1A9400BEDE89 /* PBXTargetDependency */,
			);
			name = LookTests;
			productName = LookTests;
			productReference = A6973A421E4C1A9400BEDE89 /* LookTests.xctest */;
			productType = "com.apple.product-type.bundle.unit-test";
		};
/* End PBXNativeTarget section */

/* Begin PBXProject section */
		A6973A261E4C1A9400BEDE89 /* Project object */ = {
			isa = PBXProject;
			attributes = {
				LastSwiftUpdateCheck = 0820;
				LastUpgradeCheck = 0820;
				ORGANIZATIONNAME = "Thomas Clavelli";
				TargetAttributes = {
					A6973A2D1E4C1A9400BEDE89 = {
						CreatedOnToolsVersion = 8.2.1;
						DevelopmentTeam = ZTY9QK9ALX;
						ProvisioningStyle = Automatic;
					};
					A6973A411E4C1A9400BEDE89 = {
						CreatedOnToolsVersion = 8.2.1;
						ProvisioningStyle = Automatic;
						TestTargetID = A6973A2D1E4C1A9400BEDE89;
					};
				};
			};
			buildConfigurationList = A6973A291E4C1A9400BEDE89 /* Build configuration list for PBXProject "Look" */;
			compatibilityVersion = "Xcode 3.2";
			developmentRegion = English;
			hasScannedForEncodings = 0;
			knownRegions = (
				en,
				Base,
			);
			mainGroup = A6973A251E4C1A9400BEDE89;
			productRefGroup = A6973A2F1E4C1A9400BEDE89 /* Products */;
			projectDirPath = "";
			projectRoot = "";
			targets = (
				A6973A2D1E4C1A9400BEDE89 /* Look */,
				A6973A411E4C1A9400BEDE89 /* LookTests */,
			);
		};
/* End PBXProject section */

/* Begin PBXResourcesBuildPhase section */
		A6973A2C1E4C1A9400BEDE89 /* Resources */ = {
			isa = PBXResourcesBuildPhase;
			buildActionMask = 2147483647;
			files = (
				A6973A3C1E4C1A9400BEDE89 /* LaunchScreen.storyboard in Resources */,
				A6973A391E4C1A9400BEDE89 /* Assets.xcassets in Resources */,
				A6973A371E4C1A9400BEDE89 /* Main.storyboard in Resources */,
			);
			runOnlyForDeploymentPostprocessing = 0;
		};
		A6973A401E4C1A9400BEDE89 /* Resources */ = {
			isa = PBXResourcesBuildPhase;
			buildActionMask = 2147483647;
			files = (
			);
			runOnlyForDeploymentPostprocessing = 0;
		};
/* End PBXResourcesBuildPhase section */

/* Begin PBXSourcesBuildPhase section */
		A6973A2A1E4C1A9400BEDE89 /* Sources */ = {
			isa = PBXSourcesBuildPhase;
			buildActionMask = 2147483647;
			files = (
				A6EDCEFB1EB16B9E00674680 /* ViewController.swift in Sources */,
				A6973A341E4C1A9400BEDE89 /* ActivityController.swift in Sources */,
				A6EDCF291EB1761D00674680 /* PieceNameController.swift in Sources */,
				A6A91C5C1EB0493A00DF7A11 /* DrawView.swift in Sources */,
				A62954741E90640C009F914F /* DrawController.swift in Sources */,
				A6973A321E4C1A9400BEDE89 /* AppDelegate.swift in Sources */,
				A62954721E8F19AF009F914F /* TimerController.swift in Sources */,
			);
			runOnlyForDeploymentPostprocessing = 0;
		};
		A6973A3E1E4C1A9400BEDE89 /* Sources */ = {
			isa = PBXSourcesBuildPhase;
			buildActionMask = 2147483647;
			files = (
				A6973A471E4C1A9400BEDE89 /* LookTests.swift in Sources */,
			);
			runOnlyForDeploymentPostprocessing = 0;
		};
/* End PBXSourcesBuildPhase section */

/* Begin PBXTargetDependency section */
		A6973A441E4C1A9400BEDE89 /* PBXTargetDependency */ = {
			isa = PBXTargetDependency;
			target = A6973A2D1E4C1A9400BEDE89 /* Look */;
			targetProxy = A6973A431E4C1A9400BEDE89 /* PBXContainerItemProxy */;
		};
/* End PBXTargetDependency section */

/* Begin PBXVariantGroup section */
		A6973A351E4C1A9400BEDE89 /* Main.storyboard */ = {
			isa = PBXVariantGroup;
			children = (
				A6973A361E4C1A9400BEDE89 /* Base */,
			);
			name = Main.storyboard;
			sourceTree = "<group>";
		};
		A6973A3A1E4C1A9400BEDE89 /* LaunchScreen.storyboard */ = {
			isa = PBXVariantGroup;
			children = (
				A6973A3B1E4C1A9400BEDE89 /* Base */,
			);
			name = LaunchScreen.storyboard;
			sourceTree = "<group>";
		};
/* End PBXVariantGroup section */

/* Begin XCBuildConfiguration section */
		A6973A491E4C1A9400BEDE89 /* Debug */ = {
			isa = XCBuildConfiguration;
			buildSettings = {
				ALWAYS_SEARCH_USER_PATHS = NO;
				CLANG_ANALYZER_NONNULL = YES;
				CLANG_CXX_LANGUAGE_STANDARD = "gnu++0x";
				CLANG_CXX_LIBRARY = "libc++";
				CLANG_ENABLE_MODULES = YES;
				CLANG_ENABLE_OBJC_ARC = YES;
				CLANG_WARN_BOOL_CONVERSION = YES;
				CLANG_WARN_CONSTANT_CONVERSION = YES;
				CLANG_WARN_DIRECT_OBJC_ISA_USAGE = YES_ERROR;
				CLANG_WARN_DOCUMENTATION_COMMENTS = YES;
				CLANG_WARN_EMPTY_BODY = YES;
				CLANG_WARN_ENUM_CONVERSION = YES;
				CLANG_WARN_INFINITE_RECURSION = YES;
				CLANG_WARN_INT_CONVERSION = YES;
				CLANG_WARN_OBJC_ROOT_CLASS = YES_ERROR;
				CLANG_WARN_SUSPICIOUS_MOVE = YES;
				CLANG_WARN_UNREACHABLE_CODE = YES;
				CLANG_WARN__DUPLICATE_METHOD_MATCH = YES;
				"CODE_SIGN_IDENTITY[sdk=iphoneos*]" = "iPhone Developer";
				COPY_PHASE_STRIP = NO;
				DEBUG_INFORMATION_FORMAT = dwarf;
				ENABLE_STRICT_OBJC_MSGSEND = YES;
				ENABLE_TESTABILITY = YES;
				GCC_C_LANGUAGE_STANDARD = gnu99;
				GCC_DYNAMIC_NO_PIC = NO;
				GCC_NO_COMMON_BLOCKS = YES;
				GCC_OPTIMIZATION_LEVEL = 0;
				GCC_PREPROCESSOR_DEFINITIONS = (
					"DEBUG=1",
					"$(inherited)",
				);
				GCC_WARN_64_TO_32_BIT_CONVERSION = YES;
				GCC_WARN_ABOUT_RETURN_TYPE = YES_ERROR;
				GCC_WARN_UNDECLARED_SELECTOR = YES;
				GCC_WARN_UNINITIALIZED_AUTOS = YES_AGGRESSIVE;
				GCC_WARN_UNUSED_FUNCTION = YES;
				GCC_WARN_UNUSED_VARIABLE = YES;
				IPHONEOS_DEPLOYMENT_TARGET = 10.2;
				MTL_ENABLE_DEBUG_INFO = YES;
				ONLY_ACTIVE_ARCH = YES;
				SDKROOT = iphoneos;
				SWIFT_ACTIVE_COMPILATION_CONDITIONS = DEBUG;
				SWIFT_OPTIMIZATION_LEVEL = "-Onone";
				TARGETED_DEVICE_FAMILY = "1,2";
			};
			name = Debug;
		};
		A6973A4A1E4C1A9400BEDE89 /* Release */ = {
			isa = XCBuildConfiguration;
			buildSettings = {
				ALWAYS_SEARCH_USER_PATHS = NO;
				CLANG_ANALYZER_NONNULL = YES;
				CLANG_CXX_LANGUAGE_STANDARD = "gnu++0x";
				CLANG_CXX_LIBRARY = "libc++";
				CLANG_ENABLE_MODULES = YES;
				CLANG_ENABLE_OBJC_ARC = YES;
				CLANG_WARN_BOOL_CONVERSION = YES;
				CLANG_WARN_CONSTANT_CONVERSION = YES;
				CLANG_WARN_DIRECT_OBJC_ISA_USAGE = YES_ERROR;
				CLANG_WARN_DOCUMENTATION_COMMENTS = YES;
				CLANG_WARN_EMPTY_BODY = YES;
				CLANG_WARN_ENUM_CONVERSION = YES;
				CLANG_WARN_INFINITE_RECURSION = YES;
				CLANG_WARN_INT_CONVERSION = YES;
				CLANG_WARN_OBJC_ROOT_CLASS = YES_ERROR;
				CLANG_WARN_SUSPICIOUS_MOVE = YES;
				CLANG_WARN_UNREACHABLE_CODE = YES;
				CLANG_WARN__DUPLICATE_METHOD_MATCH = YES;
				"CODE_SIGN_IDENTITY[sdk=iphoneos*]" = "iPhone Developer";
				COPY_PHASE_STRIP = NO;
				DEBUG_INFORMATION_FORMAT = "dwarf-with-dsym";
				ENABLE_NS_ASSERTIONS = NO;
				ENABLE_STRICT_OBJC_MSGSEND = YES;
				GCC_C_LANGUAGE_STANDARD = gnu99;
				GCC_NO_COMMON_BLOCKS = YES;
				GCC_WARN_64_TO_32_BIT_CONVERSION = YES;
				GCC_WARN_ABOUT_RETURN_TYPE = YES_ERROR;
				GCC_WARN_UNDECLARED_SELECTOR = YES;
				GCC_WARN_UNINITIALIZED_AUTOS = YES_AGGRESSIVE;
				GCC_WARN_UNUSED_FUNCTION = YES;
				GCC_WARN_UNUSED_VARIABLE = YES;
				IPHONEOS_DEPLOYMENT_TARGET = 10.2;
				MTL_ENABLE_DEBUG_INFO = NO;
				SDKROOT = iphoneos;
				SWIFT_OPTIMIZATION_LEVEL = "-Owholemodule";
				TARGETED_DEVICE_FAMILY = "1,2";
				VALIDATE_PRODUCT = YES;
			};
			name = Release;
		};
		A6973A4C1E4C1A9400BEDE89 /* Debug */ = {
			isa = XCBuildConfiguration;
			buildSettings = {
				ASSETCATALOG_COMPILER_APPICON_NAME = AppIcon;
				DEVELOPMENT_TEAM = ZTY9QK9ALX;
				INFOPLIST_FILE = Look/Info.plist;
				LD_RUNPATH_SEARCH_PATHS = "$(inherited) @executable_path/Frameworks";
				PRODUCT_BUNDLE_IDENTIFIER = com.example.Look;
				PRODUCT_NAME = "$(TARGET_NAME)";
				SWIFT_VERSION = 3.0;
			};
			name = Debug;
		};
		A6973A4D1E4C1A9400BEDE89 /* Release */ = {
			isa = XCBuildConfiguration;
			buildSettings = {
				ASSETCATALOG_COMPILER_APPICON_NAME = AppIcon;
				DEVELOPMENT_TEAM = ZTY9QK9ALX;
				INFOPLIST_FILE = Look/Info.plist;
				LD_RUNPATH_SEARCH_PATHS = "$(inherited) @executable_path/Frameworks";
				PRODUCT_BUNDLE_IDENTIFIER = com.example.Look;
				PRODUCT_NAME = "$(TARGET_NAME)";
				SWIFT_VERSION = 3.0;
			};
			name = Release;
		};
		A6973A4F1E4C1A9400BEDE89 /* Debug */ = {
			isa = XCBuildConfiguration;
			buildSettings = {
				ALWAYS_EMBED_SWIFT_STANDARD_LIBRARIES = YES;
				BUNDLE_LOADER = "$(TEST_HOST)";
				INFOPLIST_FILE = LookTests/Info.plist;
				LD_RUNPATH_SEARCH_PATHS = "$(inherited) @executable_path/Frameworks @loader_path/Frameworks";
				PRODUCT_BUNDLE_IDENTIFIER = com.example.LookTests;
				PRODUCT_NAME = "$(TARGET_NAME)";
				SWIFT_VERSION = 3.0;
				TEST_HOST = "$(BUILT_PRODUCTS_DIR)/Look.app/Look";
			};
			name = Debug;
		};
		A6973A501E4C1A9400BEDE89 /* Release */ = {
			isa = XCBuildConfiguration;
			buildSettings = {
				ALWAYS_EMBED_SWIFT_STANDARD_LIBRARIES = YES;
				BUNDLE_LOADER = "$(TEST_HOST)";
				INFOPLIST_FILE = LookTests/Info.plist;
				LD_RUNPATH_SEARCH_PATHS = "$(inherited) @executable_path/Frameworks @loader_path/Frameworks";
				PRODUCT_BUNDLE_IDENTIFIER = com.example.LookTests;
				PRODUCT_NAME = "$(TARGET_NAME)";
				SWIFT_VERSION = 3.0;
				TEST_HOST = "$(BUILT_PRODUCTS_DIR)/Look.app/Look";
			};
			name = Release;
		};
/* End XCBuildConfiguration section */

/* Begin XCConfigurationList section */
		A6973A291E4C1A9400BEDE89 /* Build configuration list for PBXProject "Look" */ = {
			isa = XCConfigurationList;
			buildConfigurations = (
				A6973A491E4C1A9400BEDE89 /* Debug */,
				A6973A4A1E4C1A9400BEDE89 /* Release */,
			);
			defaultConfigurationIsVisible = 0;
			defaultConfigurationName = Release;
		};
		A6973A4B1E4C1A9400BEDE89 /* Build configuration list for PBXNativeTarget "Look" */ = {
			isa = XCConfigurationList;
			buildConfigurations = (
				A6973A4C1E4C1A9400BEDE89 /* Debug */,
				A6973A4D1E4C1A9400BEDE89 /* Release */,
			);
			defaultConfigurationIsVisible = 0;
			defaultConfigurationName = Release;
		};
		A6973A4E1E4C1A9400BEDE89 /* Build configuration list for PBXNativeTarget "LookTests" */ = {
			isa = XCConfigurationList;
			buildConfigurations = (
				A6973A4F1E4C1A9400BEDE89 /* Debug */,
				A6973A501E4C1A9400BEDE89 /* Release */,
			);
			defaultConfigurationIsVisible = 0;
			defaultConfigurationName = Release;
		};
/* End XCConfigurationList section */
	};
	rootObject = A6973A261E4C1A9400BEDE89 /* Project object */;
}
